github.com/riftbane/veduta v0.2.1-0.20260914090841-4af3d8484a8c h1:iI+rxZm8GSam5krXU1OpTzMQBNNp1Hf+QuRr4lsOUu8=
github.com/riftbane/veduta v0.2.1-0.20260914090841-4af3d8484a8c/go.mod h1:IxJ1D4FQ8WJd3mD193IY8k9bofNLtnPY6VS3CBLDZtw=
github.com/riftbane/veduta v1.0.0 h1:AGzsTmQXjLRqz2iUN5H8Gt4GQfpVvqherJcYCUvQ6CA=
github.com/riftbane/veduta v1.0.0/go.mod h1:IxJ1D4FQ8WJd3mD193IY8k9bofNLtnPY6VS3CBLDZtw=
