github.com/riftbane/veduta/v2 v2.0.0-rc.5 h1:nZfi8lPvB9/wTCcQUHcMHcLieOzqvQAVE6b3kf41v3I=
github.com/riftbane/veduta/v2 v2.0.0-rc.5/go.mod h1:MOoj6aPYqikkkGbzlwoLSMv5yiUzk9TE1Fja53tVPws=
github.com/riftbane/veduta/v2 v2.0.0-rc.8 h1:0yY/fRzQFY/FrfH7UjW1ObpmZT/eYpUM3YtccHD6lwY=
github.com/riftbane/veduta/v2 v2.0.0-rc.8/go.mod h1:MOoj6aPYqikkkGbzlwoLSMv5yiUzk9TE1Fja53tVPws=
